
Microsoft Visual Studio Solution File, Format Version 12.00
# Visual Studio Version 16
VisualStudioVersion = 16.0.29102.190
MinimumVisualStudioVersion = 10.0.40219.1
Project("{FAE04EC0-301F-11D3-BF4B-00C04F79EFBC}") = "CameraApp.Android", "CameraApp\CameraApp.Android\CameraApp.Android.csproj", "{08500DE3-03D0-44D9-8DC9-1C2ADB2D50B9}"
EndProject
Project("{FAE04EC0-301F-11D3-BF4B-00C04F79EFBC}") = "CameraApp.iOS", "CameraApp\CameraApp.iOS\CameraApp.iOS.csproj", "{5226BF25-4BA7-428F-90A7-8D3B779AA39F}"
EndProject
Project("{FAE04EC0-301F-11D3-BF4B-00C04F79EFBC}") = "CameraApp", "CameraApp\CameraApp\CameraApp.csproj", "{4DCF1240-4B0D-4CB1-9CC1-0252E99D245E}"
EndProject
Global
	GlobalSection(SolutionConfigurationPlatforms) = preSolution
		Debug|Any CPU = Debug|Any CPU
		Debug|iPhone = Debug|iPhone
		Debug|iPhoneSimulator = Debug|iPhoneSimulator
		Release|Any CPU = Release|Any CPU
		Release|iPhone = Release|iPhone
		Release|iPhoneSimulator = Release|iPhoneSimulator
	EndGlobalSection
	GlobalSection(ProjectConfigurationPlatforms) = postSolution
		{08500DE3-03D0-44D9-8DC9-1C2ADB2D50B9}.Debug|Any CPU.ActiveCfg = Debug|Any CPU
		{08500DE3-03D0-44D9-8DC9-1C2ADB2D50B9}.Debug|Any CPU.Build.0 = Debug|Any CPU
		{08500DE3-03D0-44D9-8DC9-1C2ADB2D50B9}.Debug|Any CPU.Deploy.0 = Debug|Any CPU
		{08500DE3-03D0-44D9-8DC9-1C2ADB2D50B9}.Debug|iPhone.ActiveCfg = Debug|Any CPU
		{08500DE3-03D0-44D9-8DC9-1C2ADB2D50B9}.Debug|iPhone.Build.0 = Debug|Any CPU
		{08500DE3-03D0-44D9-8DC9-1C2ADB2D50B9}.Debug|iPhone.Deploy.0 = Debug|Any CPU
		{08500DE3-03D0-44D9-8DC9-1C2ADB2D50B9}.Debug|iPhoneSimulator.ActiveCfg = Debug|Any CPU
		{08500DE3-03D0-44D9-8DC9-1C2ADB2D50B9}.Debug|iPhoneSimulator.Build.0 = Debug|Any CPU
		{08500DE3-03D0-44D9-8DC9-1C2ADB2D50B9}.Debug|iPhoneSimulator.Deploy.0 = Debug|Any CPU
		{08500DE3-03D0-44D9-8DC9-1C2ADB2D50B9}.Release|Any CPU.ActiveCfg = Release|Any CPU
		{08500DE3-03D0-44D9-8DC9-1C2ADB2D50B9}.Release|Any CPU.Build.0 = Release|Any CPU
		{08500DE3-03D0-44D9-8DC9-1C2ADB2D50B9}.Release|Any CPU.Deploy.0 = Release|Any CPU
		{08500DE3-03D0-44D9-8DC9-1C2ADB2D50B9}.Release|iPhone.ActiveCfg = Release|Any CPU
		{08500DE3-03D0-44D9-8DC9-1C2ADB2D50B9}.Release|iPhone.Build.0 = Release|Any CPU
		{08500DE3-03D0-44D9-8DC9-1C2ADB2D50B9}.Release|iPhone.Deploy.0 = Release|Any CPU
		{08500DE3-03D0-44D9-8DC9-1C2ADB2D50B9}.Release|iPhoneSimulator.ActiveCfg = Release|Any CPU
		{08500DE3-03D0-44D9-8DC9-1C2ADB2D50B9}.Release|iPhoneSimulator.Build.0 = Release|Any CPU
		{08500DE3-03D0-44D9-8DC9-1C2ADB2D50B9}.Release|iPhoneSimulator.Deploy.0 = Release|Any CPU
		{5226BF25-4BA7-428F-90A7-8D3B779AA39F}.Debug|Any CPU.ActiveCfg = Debug|iPhoneSimulator
		{5226BF25-4BA7-428F-90A7-8D3B779AA39F}.Debug|Any CPU.Build.0 = Debug|iPhoneSimulator
		{5226BF25-4BA7-428F-90A7-8D3B779AA39F}.Debug|Any CPU.Deploy.0 = Debug|iPhoneSimulator
		{5226BF25-4BA7-428F-90A7-8D3B779AA39F}.Debug|iPhone.ActiveCfg = Debug|iPhone
		{5226BF25-4BA7-428F-90A7-8D3B779AA39F}.Debug|iPhone.Build.0 = Debug|iPhone
		{5226BF25-4BA7-428F-90A7-8D3B779AA39F}.Debug|iPhone.Deploy.0 = Debug|iPhone
		{5226BF25-4BA7-428F-90A7-8D3B779AA39F}.Debug|iPhoneSimulator.ActiveCfg = Debug|iPhoneSimulator
		{5226BF25-4BA7-428F-90A7-8D3B779AA39F}.Debug|iPhoneSimulator.Build.0 = Debug|iPhoneSimulator
		{5226BF25-4BA7-428F-90A7-8D3B779AA39F}.Debug|iPhoneSimulator.Deploy.0 = Debug|iPhoneSimulator
		{5226BF25-4BA7-428F-90A7-8D3B779AA39F}.Release|Any CPU.ActiveCfg = Release|iPhone
		{5226BF25-4BA7-428F-90A7-8D3B779AA39F}.Release|Any CPU.Build.0 = Release|iPhone
		{5226BF25-4BA7-428F-90A7-8D3B779AA39F}.Release|Any CPU.Deploy.0 = Release|iPhone
		{5226BF25-4BA7-428F-90A7-8D3B779AA39F}.Release|iPhone.ActiveCfg = Release|iPhone
		{5226BF25-4BA7-428F-90A7-8D3B779AA39F}.Release|iPhone.Build.0 = Release|iPhone
		{5226BF25-4BA7-428F-90A7-8D3B779AA39F}.Release|iPhone.Deploy.0 = Release|iPhone
		{5226BF25-4BA7-428F-90A7-8D3B779AA39F}.Release|iPhoneSimulator.ActiveCfg = Release|iPhoneSimulator
		{5226BF25-4BA7-428F-90A7-8D3B779AA39F}.Release|iPhoneSimulator.Build.0 = Release|iPhoneSimulator
		{5226BF25-4BA7-428F-90A7-8D3B779AA39F}.Release|iPhoneSimulator.Deploy.0 = Release|iPhoneSimulator
		{4DCF1240-4B0D-4CB1-9CC1-0252E99D245E}.Debug|Any CPU.ActiveCfg = Debug|Any CPU
		{4DCF1240-4B0D-4CB1-9CC1-0252E99D245E}.Debug|Any CPU.Build.0 = Debug|Any CPU
		{4DCF1240-4B0D-4CB1-9CC1-0252E99D245E}.Debug|Any CPU.Deploy.0 = Debug|Any CPU
		{4DCF1240-4B0D-4CB1-9CC1-0252E99D245E}.Debug|iPhone.ActiveCfg = Debug|Any CPU
		{4DCF1240-4B0D-4CB1-9CC1-0252E99D245E}.Debug|iPhone.Build.0 = Debug|Any CPU
		{4DCF1240-4B0D-4CB1-9CC1-0252E99D245E}.Debug|iPhone.Deploy.0 = Debug|Any CPU
		{4DCF1240-4B0D-4CB1-9CC1-0252E99D245E}.Debug|iPhoneSimulator.ActiveCfg = Debug|Any CPU
		{4DCF1240-4B0D-4CB1-9CC1-0252E99D245E}.Debug|iPhoneSimulator.Build.0 = Debug|Any CPU
		{4DCF1240-4B0D-4CB1-9CC1-0252E99D245E}.Debug|iPhoneSimulator.Deploy.0 = Debug|Any CPU
		{4DCF1240-4B0D-4CB1-9CC1-0252E99D245E}.Release|Any CPU.ActiveCfg = Release|Any CPU
		{4DCF1240-4B0D-4CB1-9CC1-0252E99D245E}.Release|Any CPU.Build.0 = Release|Any CPU
		{4DCF1240-4B0D-4CB1-9CC1-0252E99D245E}.Release|Any CPU.Deploy.0 = Release|Any CPU
		{4DCF1240-4B0D-4CB1-9CC1-0252E99D245E}.Release|iPhone.ActiveCfg = Release|Any CPU
		{4DCF1240-4B0D-4CB1-9CC1-0252E99D245E}.Release|iPhone.Build.0 = Release|Any CPU
		{4DCF1240-4B0D-4CB1-9CC1-0252E99D245E}.Release|iPhone.Deploy.0 = Release|Any CPU
		{4DCF1240-4B0D-4CB1-9CC1-0252E99D245E}.Release|iPhoneSimulator.ActiveCfg = Release|Any CPU
		{4DCF1240-4B0D-4CB1-9CC1-0252E99D245E}.Release|iPhoneSimulator.Build.0 = Release|Any CPU
		{4DCF1240-4B0D-4CB1-9CC1-0252E99D245E}.Release|iPhoneSimulator.Deploy.0 = Release|Any CPU
	EndGlobalSection
	GlobalSection(SolutionProperties) = preSolution
		HideSolutionNode = FALSE
	EndGlobalSection
	GlobalSection(ExtensibilityGlobals) = postSolution
		SolutionGuid = {439FCAFB-F361-43B3-ACE1-FCDA7AF4A317}
	EndGlobalSection
EndGlobal
